
Microsoft Visual Studio Solution File, Format Version 12.00
# Visual Studio Version 17
VisualStudioVersion = 17.3.32901.215
MinimumVisualStudioVersion = 10.0.40219.1
Project("{FAE04EC0-301F-11D3-BF4B-00C04F79EFBC}") = "AuthenticationAndAuthorization", "AuthenticationAndAuthorization\AuthenticationAndAuthorization.csproj", "{47B4E4D2-E6FA-4AC4-BD07-8D73161617A2}"
EndProject
Global
	GlobalSection(SolutionConfigurationPlatforms) = preSolution
		Debug|Any CPU = Debug|Any CPU
		Release|Any CPU = Release|Any CPU
	EndGlobalSection
	GlobalSection(ProjectConfigurationPlatforms) = postSolution
		{47B4E4D2-E6FA-4AC4-BD07-8D73161617A2}.Debug|Any CPU.ActiveCfg = Debug|Any CPU
		{47B4E4D2-E6FA-4AC4-BD07-8D73161617A2}.Debug|Any CPU.Build.0 = Debug|Any CPU
		{47B4E4D2-E6FA-4AC4-BD07-8D73161617A2}.Release|Any CPU.ActiveCfg = Release|Any CPU
		{47B4E4D2-E6FA-4AC4-BD07-8D73161617A2}.Release|Any CPU.Build.0 = Release|Any CPU
	EndGlobalSection
	GlobalSection(SolutionProperties) = preSolution
		HideSolutionNode = FALSE
	EndGlobalSection
	GlobalSection(ExtensibilityGlobals) = postSolution
		SolutionGuid = {EEE7B424-E610-44E1-8B96-56F5C0B63C3B}
	EndGlobalSection
EndGlobal
